// !$*UTF8*$!
{
	archiveVersion = 1;
	classes = {
	};
	objectVersion = 46;
	objects = {

/* Begin PBXBuildFile section */
		C97350CD1AD41CCF001183F9 /* AppDelegate.swift in Sources */ = {isa = PBXBuildFile; fileRef = C97350CC1AD41CCF001183F9 /* AppDelegate.swift */; };
		C97350CF1AD41CCF001183F9 /* ViewController.swift in Sources */ = {isa = PBXBuildFile; fileRef = C97350CE1AD41CCF001183F9 /* ViewController.swift */; };
		C97350D21AD41CCF001183F9 /* Main.storyboard in Resources */ = {isa = PBXBuildFile; fileRef = C97350D01AD41CCF001183F9 /* Main.storyboard */; };
		C97350D41AD41CCF001183F9 /* Images.xcassets in Resources */ = {isa = PBXBuildFile; fileRef = C97350D31AD41CCF001183F9 /* Images.xcassets */; };
		C97350D71AD41CCF001183F9 /* LaunchScreen.xib in Resources */ = {isa = PBXBuildFile; fileRef = C97350D51AD41CCF001183F9 /* LaunchScreen.xib */; };
		C97350E31AD41CCF001183F9 /* tableViewTutorialTests.swift in Sources */ = {isa = PBXBuildFile; fileRef = C97350E21AD41CCF001183F9 /* tableViewTutorialTests.swift */; };
/* End PBXBuildFile section */

/* Begin PBXContainerItemProxy section */
		C97350DD1AD41CCF001183F9 /* PBXContainerItemProxy */ = {
			isa = PBXContainerItemProxy;
			containerPortal = C97350BF1AD41CCF001183F9 /* Project object */;
			proxyType = 1;
			remoteGlobalIDString = C97350C61AD41CCF001183F9;
			remoteInfo = tableViewTutorial;
		};
/* End PBXContainerItemProxy section */

/* Begin PBXFileReference section */
		C97350C71AD41CCF001183F9 /* tableViewTutorial.app */ = {isa = PBXFileReference; explicitFileType = wrapper.application; includeInIndex = 0; path = tableViewTutorial.app; sourceTree = BUILT_PRODUCTS_DIR; };
		C97350CB1AD41CCF001183F9 /* Info.plist */ = {isa = PBXFileReference; lastKnownFileType = text.plist.xml; path = Info.plist; sourceTree = "<group>"; };
		C97350CC1AD41CCF001183F9 /* AppDelegate.swift */ = {isa = PBXFileReference; lastKnownFileType = sourcecode.swift; path = AppDelegate.swift; sourceTree = "<group>"; };
		C97350CE1AD41CCF001183F9 /* ViewController.swift */ = {isa = PBXFileReference; lastKnownFileType = sourcecode.swift; path = ViewController.swift; sourceTree = "<group>"; };
		C97350D11AD41CCF001183F9 /* Base */ = {isa = PBXFileReference; lastKnownFileType = file.storyboard; name = Base; path = Base.lproj/Main.storyboard; sourceTree = "<group>"; };
		C97350D31AD41CCF001183F9 /* Images.xcassets */ = {isa = PBXFileReference; lastKnownFileType = folder.assetcatalog; path = Images.xcassets; sourceTree = "<group>"; };
		C97350D61AD41CCF001183F9 /* Base */ = {isa = PBXFileReference; lastKnownFileType = file.xib; name = Base; path = Base.lproj/LaunchScreen.xib; sourceTree = "<group>"; };
		C97350DC1AD41CCF001183F9 /* tableViewTutorialTests.xctest */ = {isa = PBXFileReference; explicitFileType = wrapper.cfbundle; includeInIndex = 0; path = tableViewTutorialTests.xctest; sourceTree = BUILT_PRODUCTS_DIR; };
		C97350E11AD41CCF001183F9 /* Info.plist */ = {isa = PBXFileReference; lastKnownFileType = text.plist.xml; path = Info.plist; sourceTree = "<group>"; };
		C97350E21AD41CCF001183F9 /* tableViewTutorialTests.swift */ = {isa = PBXFileReference; lastKnownFileType = sourcecode.swift; path = tableViewTutorialTests.swift; sourceTree = "<group>"; };
/* End PBXFileReference section */

/* Begin PBXFrameworksBuildPhase section */
		C97350C41AD41CCF001183F9 /* Frameworks */ = {
			isa = PBXFrameworksBuildPhase;
			buildActionMask = 2147483647;
			files = (
			);
			runOnlyForDeploymentPostprocessing = 0;
		};
		C97350D91AD41CCF001183F9 /* Frameworks */ = {
			isa = PBXFrameworksBuildPhase;
			buildActionMask = 2147483647;
			files = (
			);
			runOnlyForDeploymentPostprocessing = 0;
		};
/* End PBXFrameworksBuildPhase section */

/* Begin PBXGroup section */
		C97350BE1AD41CCF001183F9 = {
			isa = PBXGroup;
			children = (
				C97350C91AD41CCF001183F9 /* tableViewTutorial */,
				C97350DF1AD41CCF001183F9 /* tableViewTutorialTests */,
				C97350C81AD41CCF001183F9 /* Products */,
			);
			sourceTree = "<group>";
		};
		C97350C81AD41CCF001183F9 /* Products */ = {
			isa = PBXGroup;
			children = (
				C97350C71AD41CCF001183F9 /* tableViewTutorial.app */,
				C97350DC1AD41CCF001183F9 /* tableViewTutorialTests.xctest */,
			);
			name = Products;
			sourceTree = "<group>";
		};
		C97350C91AD41CCF001183F9 /* tableViewTutorial */ = {
			isa = PBXGroup;
			children = (
				C97350CC1AD41CCF001183F9 /* AppDelegate.swift */,
				C97350CE1AD41CCF001183F9 /* ViewController.swift */,
				C97350D01AD41CCF001183F9 /* Main.storyboard */,
				C97350D31AD41CCF001183F9 /* Images.xcassets */,
				C97350D51AD41CCF001183F9 /* LaunchScreen.xib */,
				C97350CA1AD41CCF001183F9 /* Supporting Files */,
			);
			path = tableViewTutorial;
			sourceTree = "<group>";
		};
		C97350CA1AD41CCF001183F9 /* Supporting Files */ = {
			isa = PBXGroup;
			children = (
				C97350CB1AD41CCF001183F9 /* Info.plist */,
			);
			name = "Supporting Files";
			sourceTree = "<group>";
		};
		C97350DF1AD41CCF001183F9 /* tableViewTutorialTests */ = {
			isa = PBXGroup;
			children = (
				C97350E21AD41CCF001183F9 /* tableViewTutorialTests.swift */,
				C97350E01AD41CCF001183F9 /* Supporting Files */,
			);
			path = tableViewTutorialTests;
			sourceTree = "<group>";
		};
		C97350E01AD41CCF001183F9 /* Supporting Files */ = {
			isa = PBXGroup;
			children = (
				C97350E11AD41CCF001183F9 /* Info.plist */,
			);
			name = "Supporting Files";
			sourceTree = "<group>";
		};
/* End PBXGroup section */

/* Begin PBXNativeTarget section */
		C97350C61AD41CCF001183F9 /* tableViewTutorial */ = {
			isa = PBXNativeTarget;
			buildConfigurationList = C97350E61AD41CCF001183F9 /* Build configuration list for PBXNativeTarget "tableViewTutorial" */;
			buildPhases = (
				C97350C31AD41CCF001183F9 /* Sources */,
				C97350C41AD41CCF001183F9 /* Frameworks */,
				C97350C51AD41CCF001183F9 /* Resources */,
			);
			buildRules = (
			);
			dependencies = (
			);
			name = tableViewTutorial;
			productName = tableViewTutorial;
			productReference = C97350C71AD41CCF001183F9 /* tableViewTutorial.app */;
			productType = "com.apple.product-type.application";
		};
		C97350DB1AD41CCF001183F9 /* tableViewTutorialTests */ = {
			isa = PBXNativeTarget;
			buildConfigurationList = C97350E91AD41CCF001183F9 /* Build configuration list for PBXNativeTarget "tableViewTutorialTests" */;
			buildPhases = (
				C97350D81AD41CCF001183F9 /* Sources */,
				C97350D91AD41CCF001183F9 /* Frameworks */,
				C97350DA1AD41CCF001183F9 /* Resources */,
			);
			buildRules = (
			);
			dependencies = (
				C97350DE1AD41CCF001183F9 /* PBXTargetDependency */,
			);
			name = tableViewTutorialTests;
			productName = tableViewTutorialTests;
			productReference = C97350DC1AD41CCF001183F9 /* tableViewTutorialTests.xctest */;
			productType = "com.apple.product-type.bundle.unit-test";
		};
/* End PBXNativeTarget section */

/* Begin PBXProject section */
		C97350BF1AD41CCF001183F9 /* Project object */ = {
			isa = PBXProject;
			attributes = {
				LastUpgradeCheck = 0620;
				ORGANIZATIONNAME = "Dale Stevens";
				TargetAttributes = {
					C97350C61AD41CCF001183F9 = {
						CreatedOnToolsVersion = 6.2;
					};
					C97350DB1AD41CCF001183F9 = {
						CreatedOnToolsVersion = 6.2;
						TestTargetID = C97350C61AD41CCF001183F9;
					};
				};
			};
			buildConfigurationList = C97350C21AD41CCF001183F9 /* Build configuration list for PBXProject "tableViewTutorial" */;
			compatibilityVersion = "Xcode 3.2";
			developmentRegion = English;
			hasScannedForEncodings = 0;
			knownRegions = (
				en,
				Base,
			);
			mainGroup = C97350BE1AD41CCF001183F9;
			productRefGroup = C97350C81AD41CCF001183F9 /* Products */;
			projectDirPath = "";
			projectRoot = "";
			targets = (
				C97350C61AD41CCF001183F9 /* tableViewTutorial */,
				C97350DB1AD41CCF001183F9 /* tableViewTutorialTests */,
			);
		};
/* End PBXProject section */

/* Begin PBXResourcesBuildPhase section */
		C97350C51AD41CCF001183F9 /* Resources */ = {
			isa = PBXResourcesBuildPhase;
			buildActionMask = 2147483647;
			files = (
				C97350D21AD41CCF001183F9 /* Main.storyboard in Resources */,
				C97350D71AD41CCF001183F9 /* LaunchScreen.xib in Resources */,
				C97350D41AD41CCF001183F9 /* Images.xcassets in Resources */,
			);
			runOnlyForDeploymentPostprocessing = 0;
		};
		C97350DA1AD41CCF001183F9 /* Resources */ = {
			isa = PBXResourcesBuildPhase;
			buildActionMask = 2147483647;
			files = (
			);
			runOnlyForDeploymentPostprocessing = 0;
		};
/* End PBXResourcesBuildPhase section */

/* Begin PBXSourcesBuildPhase section */
		C97350C31AD41CCF001183F9 /* Sources */ = {
			isa = PBXSourcesBuildPhase;
			buildActionMask = 2147483647;
			files = (
				C97350CF1AD41CCF001183F9 /* ViewController.swift in Sources */,
				C97350CD1AD41CCF001183F9 /* AppDelegate.swift in Sources */,
			);
			runOnlyForDeploymentPostprocessing = 0;
		};
		C97350D81AD41CCF001183F9 /* Sources */ = {
			isa = PBXSourcesBuildPhase;
			buildActionMask = 2147483647;
			files = (
				C97350E31AD41CCF001183F9 /* tableViewTutorialTests.swift in Sources */,
			);
			runOnlyForDeploymentPostprocessing = 0;
		};
/* End PBXSourcesBuildPhase section */

/* Begin PBXTargetDependency section */
		C97350DE1AD41CCF001183F9 /* PBXTargetDependency */ = {
			isa = PBXTargetDependency;
			target = C97350C61AD41CCF001183F9 /* tableViewTutorial */;
			targetProxy = C97350DD1AD41CCF001183F9 /* PBXContainerItemProxy */;
		};
/* End PBXTargetDependency section */

/* Begin PBXVariantGroup section */
		C97350D01AD41CCF001183F9 /* Main.storyboard */ = {
			isa = PBXVariantGroup;
			children = (
				C97350D11AD41CCF001183F9 /* Base */,
			);
			name = Main.storyboard;
			sourceTree = "<group>";
		};
		C97350D51AD41CCF001183F9 /* LaunchScreen.xib */ = {
			isa = PBXVariantGroup;
			children = (
				C97350D61AD41CCF001183F9 /* Base */,
			);
			name = LaunchScreen.xib;
			sourceTree = "<group>";
		};
/* End PBXVariantGroup section */

/* Begin XCBuildConfiguration section */
		C97350E41AD41CCF001183F9 /* Debug */ = {
			isa = XCBuildConfiguration;
			buildSettings = {
				ALWAYS_SEARCH_USER_PATHS = NO;
				CLANG_CXX_LANGUAGE_STANDARD = "gnu++0x";
				CLANG_CXX_LIBRARY = "libc++";
				CLANG_ENABLE_MODULES = YES;
				CLANG_ENABLE_OBJC_ARC = YES;
				CLANG_WARN_BOOL_CONVERSION = YES;
				CLANG_WARN_CONSTANT_CONVERSION = YES;
				CLANG_WARN_DIRECT_OBJC_ISA_USAGE = YES_ERROR;
				CLANG_WARN_EMPTY_BODY = YES;
				CLANG_WARN_ENUM_CONVERSION = YES;
				CLANG_WARN_INT_CONVERSION = YES;
				CLANG_WARN_OBJC_ROOT_CLASS = YES_ERROR;
				CLANG_WARN_UNREACHABLE_CODE = YES;
				CLANG_WARN__DUPLICATE_METHOD_MATCH = YES;
				"CODE_SIGN_IDENTITY[sdk=iphoneos*]" = "iPhone Developer";
				COPY_PHASE_STRIP = NO;
				ENABLE_STRICT_OBJC_MSGSEND = YES;
				GCC_C_LANGUAGE_STANDARD = gnu99;
				GCC_DYNAMIC_NO_PIC = NO;
				GCC_OPTIMIZATION_LEVEL = 0;
				GCC_PREPROCESSOR_DEFINITIONS = (
					"DEBUG=1",
					"$(inherited)",
				);
				GCC_SYMBOLS_PRIVATE_EXTERN = NO;
				GCC_WARN_64_TO_32_BIT_CONVERSION = YES;
				GCC_WARN_ABOUT_RETURN_TYPE = YES_ERROR;
				GCC_WARN_UNDECLARED_SELECTOR = YES;
				GCC_WARN_UNINITIALIZED_AUTOS = YES_AGGRESSIVE;
				GCC_WARN_UNUSED_FUNCTION = YES;
				GCC_WARN_UNUSED_VARIABLE = YES;
				IPHONEOS_DEPLOYMENT_TARGET = 8.2;
				MTL_ENABLE_DEBUG_INFO = YES;
				ONLY_ACTIVE_ARCH = YES;
				SDKROOT = iphoneos;
				SWIFT_OPTIMIZATION_LEVEL = "-Onone";
			};
			name = Debug;
		};
		C97350E51AD41CCF001183F9 /* Release */ = {
			isa = XCBuildConfiguration;
			buildSettings = {
				ALWAYS_SEARCH_USER_PATHS = NO;
				CLANG_CXX_LANGUAGE_STANDARD = "gnu++0x";
				CLANG_CXX_LIBRARY = "libc++";
				CLANG_ENABLE_MODULES = YES;
				CLANG_ENABLE_OBJC_ARC = YES;
				CLANG_WARN_BOOL_CONVERSION = YES;
				CLANG_WARN_CONSTANT_CONVERSION = YES;
				CLANG_WARN_DIRECT_OBJC_ISA_USAGE = YES_ERROR;
				CLANG_WARN_EMPTY_BODY = YES;
				CLANG_WARN_ENUM_CONVERSION = YES;
				CLANG_WARN_INT_CONVERSION = YES;
				CLANG_WARN_OBJC_ROOT_CLASS = YES_ERROR;
				CLANG_WARN_UNREACHABLE_CODE = YES;
				CLANG_WARN__DUPLICATE_METHOD_MATCH = YES;
				"CODE_SIGN_IDENTITY[sdk=iphoneos*]" = "iPhone Developer";
				COPY_PHASE_STRIP = NO;
				ENABLE_NS_ASSERTIONS = NO;
				ENABLE_STRICT_OBJC_MSGSEND = YES;
				GCC_C_LANGUAGE_STANDARD = gnu99;
				GCC_WARN_64_TO_32_BIT_CONVERSION = YES;
				GCC_WARN_ABOUT_RETURN_TYPE = YES_ERROR;
				GCC_WARN_UNDECLARED_SELECTOR = YES;
				GCC_WARN_UNINITIALIZED_AUTOS = YES_AGGRESSIVE;
				GCC_WARN_UNUSED_FUNCTION = YES;
				GCC_WARN_UNUSED_VARIABLE = YES;
				IPHONEOS_DEPLOYMENT_TARGET = 8.2;
				MTL_ENABLE_DEBUG_INFO = NO;
				SDKROOT = iphoneos;
				VALIDATE_PRODUCT = YES;
			};
			name = Release;
		};
		C97350E71AD41CCF001183F9 /* Debug */ = {
			isa = XCBuildConfiguration;
			buildSettings = {
				ASSETCATALOG_COMPILER_APPICON_NAME = AppIcon;
				INFOPLIST_FILE = tableViewTutorial/Info.plist;
				LD_RUNPATH_SEARCH_PATHS = "$(inherited) @executable_path/Frameworks";
				PRODUCT_NAME = "$(TARGET_NAME)";
			};
			name = Debug;
		};
		C97350E81AD41CCF001183F9 /* Release */ = {
			isa = XCBuildConfiguration;
			buildSettings = {
				ASSETCATALOG_COMPILER_APPICON_NAME = AppIcon;
				INFOPLIST_FILE = tableViewTutorial/Info.plist;
				LD_RUNPATH_SEARCH_PATHS = "$(inherited) @executable_path/Frameworks";
				PRODUCT_NAME = "$(TARGET_NAME)";
			};
			name = Release;
		};
		C97350EA1AD41CCF001183F9 /* Debug */ = {
			isa = XCBuildConfiguration;
			buildSettings = {
				BUNDLE_LOADER = "$(TEST_HOST)";
				FRAMEWORK_SEARCH_PATHS = (
					"$(SDKROOT)/Developer/Library/Frameworks",
					"$(inherited)",
				);
				GCC_PREPROCESSOR_DEFINITIONS = (
					"DEBUG=1",
					"$(inherited)",
				);
				INFOPLIST_FILE = tableViewTutorialTests/Info.plist;
				LD_RUNPATH_SEARCH_PATHS = "$(inherited) @executable_path/Frameworks @loader_path/Frameworks";
				PRODUCT_NAME = "$(TARGET_NAME)";
				TEST_HOST = "$(BUILT_PRODUCTS_DIR)/tableViewTutorial.app/tableViewTutorial";
			};
			name = Debug;
		};
		C97350EB1AD41CCF001183F9 /* Release */ = {
			isa = XCBuildConfiguration;
			buildSettings = {
				BUNDLE_LOADER = "$(TEST_HOST)";
				FRAMEWORK_SEARCH_PATHS = (
					"$(SDKROOT)/Developer/Library/Frameworks",
					"$(inherited)",
				);
				INFOPLIST_FILE = tableViewTutorialTests/Info.plist;
				LD_RUNPATH_SEARCH_PATHS = "$(inherited) @executable_path/Frameworks @loader_path/Frameworks";
				PRODUCT_NAME = "$(TARGET_NAME)";
				TEST_HOST = "$(BUILT_PRODUCTS_DIR)/tableViewTutorial.app/tableViewTutorial";
			};
			name = Release;
		};
/* End XCBuildConfiguration section */

/* Begin XCConfigurationList section */
		C97350C21AD41CCF001183F9 /* Build configuration list for PBXProject "tableViewTutorial" */ = {
			isa = XCConfigurationList;
			buildConfigurations = (
				C97350E41AD41CCF001183F9 /* Debug */,
				C97350E51AD41CCF001183F9 /* Release */,
			);
			defaultConfigurationIsVisible = 0;
			defaultConfigurationName = Release;
		};
		C97350E61AD41CCF001183F9 /* Build configuration list for PBXNativeTarget "tableViewTutorial" */ = {
			isa = XCConfigurationList;
			buildConfigurations = (
				C97350E71AD41CCF001183F9 /* Debug */,
				C97350E81AD41CCF001183F9 /* Release */,
			);
			defaultConfigurationIsVisible = 0;
		};
		C97350E91AD41CCF001183F9 /* Build configuration list for PBXNativeTarget "tableViewTutorialTests" */ = {
			isa = XCConfigurationList;
			buildConfigurations = (
				C97350EA1AD41CCF001183F9 /* Debug */,
				C97350EB1AD41CCF001183F9 /* Release */,
			);
			defaultConfigurationIsVisible = 0;
		};
/* End XCConfigurationList section */
	};
	rootObject = C97350BF1AD41CCF001183F9 /* Project object */;
}
